
Microsoft Visual Studio Solution File, Format Version 12.00
# Visual Studio Version 17
VisualStudioVersion = 17.3.32929.385
MinimumVisualStudioVersion = 10.0.40219.1
Project("{9A19103F-16F7-4668-BE54-9A1E7A4F7556}") = "WebChat Clien", "WebChat\WebChat Clien.csproj", "{1F1F3FEE-266B-4526-A946-F2C699DC6520}"
EndProject
Global
	GlobalSection(SolutionConfigurationPlatforms) = preSolution
		Debug|Any CPU = Debug|Any CPU
		Release|Any CPU = Release|Any CPU
	EndGlobalSection
	GlobalSection(ProjectConfigurationPlatforms) = postSolution
		{1F1F3FEE-266B-4526-A946-F2C699DC6520}.Debug|Any CPU.ActiveCfg = Debug|Any CPU
		{1F1F3FEE-266B-4526-A946-F2C699DC6520}.Debug|Any CPU.Build.0 = Debug|Any CPU
		{1F1F3FEE-266B-4526-A946-F2C699DC6520}.Release|Any CPU.ActiveCfg = Release|Any CPU
		{1F1F3FEE-266B-4526-A946-F2C699DC6520}.Release|Any CPU.Build.0 = Release|Any CPU
	EndGlobalSection
	GlobalSection(SolutionProperties) = preSolution
		HideSolutionNode = FALSE
	EndGlobalSection
	GlobalSection(ExtensibilityGlobals) = postSolution
		SolutionGuid = {2EB99664-525C-45DB-858F-BD1FCB66A6C3}
	EndGlobalSection
EndGlobal
