
Microsoft Visual Studio Solution File, Format Version 12.00
# Visual Studio Version 17
VisualStudioVersion = 17.5.33424.131
MinimumVisualStudioVersion = 10.0.40219.1
Project("{FAE04EC0-301F-11D3-BF4B-00C04F79EFBC}") = "Minimax alfa beta", "Minimax alfa beta\Minimax alfa beta.csproj", "{3B616A41-140E-468B-8244-0BC6AF0DB4A0}"
EndProject
Global
	GlobalSection(SolutionConfigurationPlatforms) = preSolution
		Debug|Any CPU = Debug|Any CPU
		Release|Any CPU = Release|Any CPU
	EndGlobalSection
	GlobalSection(ProjectConfigurationPlatforms) = postSolution
		{3B616A41-140E-468B-8244-0BC6AF0DB4A0}.Debug|Any CPU.ActiveCfg = Debug|Any CPU
		{3B616A41-140E-468B-8244-0BC6AF0DB4A0}.Debug|Any CPU.Build.0 = Debug|Any CPU
		{3B616A41-140E-468B-8244-0BC6AF0DB4A0}.Release|Any CPU.ActiveCfg = Release|Any CPU
		{3B616A41-140E-468B-8244-0BC6AF0DB4A0}.Release|Any CPU.Build.0 = Release|Any CPU
	EndGlobalSection
	GlobalSection(SolutionProperties) = preSolution
		HideSolutionNode = FALSE
	EndGlobalSection
	GlobalSection(ExtensibilityGlobals) = postSolution
		SolutionGuid = {8E95AD3D-BF15-4B33-8B15-D907AED1D29F}
	EndGlobalSection
EndGlobal
