
Microsoft Visual Studio Solution File, Format Version 12.00
# Visual Studio Version 17
VisualStudioVersion = 17.3.32929.385
MinimumVisualStudioVersion = 10.0.40219.1
Project("{FAE04EC0-301F-11D3-BF4B-00C04F79EFBC}") = "UI - Nevronska Mreza", "UI - Nevronska Mreza\UI - Nevronska Mreza.csproj", "{C8FBFBB1-831E-481C-A132-399CB3BF8FF4}"
EndProject
Global
	GlobalSection(SolutionConfigurationPlatforms) = preSolution
		Debug|Any CPU = Debug|Any CPU
		Release|Any CPU = Release|Any CPU
	EndGlobalSection
	GlobalSection(ProjectConfigurationPlatforms) = postSolution
		{C8FBFBB1-831E-481C-A132-399CB3BF8FF4}.Debug|Any CPU.ActiveCfg = Debug|Any CPU
		{C8FBFBB1-831E-481C-A132-399CB3BF8FF4}.Debug|Any CPU.Build.0 = Debug|Any CPU
		{C8FBFBB1-831E-481C-A132-399CB3BF8FF4}.Release|Any CPU.ActiveCfg = Release|Any CPU
		{C8FBFBB1-831E-481C-A132-399CB3BF8FF4}.Release|Any CPU.Build.0 = Release|Any CPU
	EndGlobalSection
	GlobalSection(SolutionProperties) = preSolution
		HideSolutionNode = FALSE
	EndGlobalSection
	GlobalSection(ExtensibilityGlobals) = postSolution
		SolutionGuid = {1EE3AD9E-C0D7-40D5-8BC0-D30002E40344}
	EndGlobalSection
EndGlobal
