
Microsoft Visual Studio Solution File, Format Version 12.00
# Visual Studio Version 17
VisualStudioVersion = 17.5.33424.131
MinimumVisualStudioVersion = 10.0.40219.1
Project("{FAE04EC0-301F-11D3-BF4B-00C04F79EFBC}") = "RGEO-vaja1", "RGEO-vaja1\RGEO-vaja1.csproj", "{0EC379AC-2B58-4580-992F-803E3A3B1965}"
EndProject
Global
	GlobalSection(SolutionConfigurationPlatforms) = preSolution
		Debug|Any CPU = Debug|Any CPU
		Release|Any CPU = Release|Any CPU
	EndGlobalSection
	GlobalSection(ProjectConfigurationPlatforms) = postSolution
		{0EC379AC-2B58-4580-992F-803E3A3B1965}.Debug|Any CPU.ActiveCfg = Debug|Any CPU
		{0EC379AC-2B58-4580-992F-803E3A3B1965}.Debug|Any CPU.Build.0 = Debug|Any CPU
		{0EC379AC-2B58-4580-992F-803E3A3B1965}.Release|Any CPU.ActiveCfg = Release|Any CPU
		{0EC379AC-2B58-4580-992F-803E3A3B1965}.Release|Any CPU.Build.0 = Release|Any CPU
	EndGlobalSection
	GlobalSection(SolutionProperties) = preSolution
		HideSolutionNode = FALSE
	EndGlobalSection
	GlobalSection(ExtensibilityGlobals) = postSolution
		SolutionGuid = {0129A779-F982-4297-A1AC-3AFAE5685CB1}
	EndGlobalSection
EndGlobal
